
Microsoft Visual Studio Solution File, Format Version 12.00
# Visual Studio Version 17
VisualStudioVersion = 17.11.35327.3
MinimumVisualStudioVersion = 10.0.40219.1
Project("{FAE04EC0-301F-11D3-BF4B-00C04F79EFBC}") = "backend", "backend.csproj", "{56FA2155-9783-4474-B412-C61EC810CD03}"
EndProject
Global
	GlobalSection(SolutionConfigurationPlatforms) = preSolution
		Debug|Any CPU = Debug|Any CPU
		Release|Any CPU = Release|Any CPU
	EndGlobalSection
	GlobalSection(ProjectConfigurationPlatforms) = postSolution
		{56FA2155-9783-4474-B412-C61EC810CD03}.Debug|Any CPU.ActiveCfg = Debug|Any CPU
		{56FA2155-9783-4474-B412-C61EC810CD03}.Debug|Any CPU.Build.0 = Debug|Any CPU
		{56FA2155-9783-4474-B412-C61EC810CD03}.Release|Any CPU.ActiveCfg = Release|Any CPU
		{56FA2155-9783-4474-B412-C61EC810CD03}.Release|Any CPU.Build.0 = Release|Any CPU
	EndGlobalSection
	GlobalSection(SolutionProperties) = preSolution
		HideSolutionNode = FALSE
	EndGlobalSection
	GlobalSection(ExtensibilityGlobals) = postSolution
		SolutionGuid = {164F5B75-A96D-4850-A2ED-D6220608FF88}
	EndGlobalSection
EndGlobal
